<?xml version="1.0" encoding="utf-8"?>
<Project ToolsVersion="4.0" xmlns="http://schemas.microsoft.com/developer/msbuild/2003">
  <ItemGroup>
    <Filter Include="Source Files">
      <UniqueIdentifier>{4FC737F1-C7A5-4376-A066-2A32D752A2FF}</UniqueIdentifier>
      <Extensions>cpp;c;cc;cxx;c++;cppm;ixx;def;odl;idl;hpj;bat;asm;asmx</Extensions>
    </Filter>
    <Filter Include="Header Files">
      <UniqueIdentifier>{93995380-89BD-4b04-88EB-625FBE52EBFB}</UniqueIdentifier>
      <Extensions>h;hh;hpp;hxx;h++;hm;inl;inc;ipp;xsd</Extensions>
    </Filter>
    <Filter Include="Resource Files">
      <UniqueIdentifier>{67DA6AB6-F800-4c08-8B7A-83BB121AAD01}</UniqueIdentifier>
      <Extensions>rc;ico;cur;bmp;dlg;rc2;rct;bin;rgs;gif;jpg;jpeg;jpe;resx;tiff;tif;png;wav;mfcribbon-ms</Extensions>
    </Filter>
    <Filter Include="Header Files\TCPClient">
      <UniqueIdentifier>{a4b2f8d0-9162-48d2-8fb6-69e32349e648}</UniqueIdentifier>
    </Filter>
    <Filter Include="Source Files\TCPClient">
      <UniqueIdentifier>{e9b3c19e-772b-4d64-b929-6077b1583dac}</UniqueIdentifier>
    </Filter>
    <Filter Include="Header Files\Request">
      <UniqueIdentifier>{72a11c9a-92d0-4a60-b9cb-0a5ac215a0bb}</UniqueIdentifier>
    </Filter>
    <Filter Include="Source Files\Request">
      <UniqueIdentifier>{bc68f1e0-130a-4cbd-bd2d-3bcbe56385cf}</UniqueIdentifier>
    </Filter>
    <Filter Include="Header Files\TCPServer">
      <UniqueIdentifier>{7b97b560-c013-4c78-8954-43644e81833f}</UniqueIdentifier>
    </Filter>
    <Filter Include="Source Files\TCPServer">
      <UniqueIdentifier>{7a8bb14f-d0ea-4a74-93db-dc5171aa936b}</UniqueIdentifier>
    </Filter>
  </ItemGroup>
  <ItemGroup>
    <ClInclude Include="pch.h">
      <Filter>Header Files</Filter>
    </ClInclude>
    <ClInclude Include="Session.h">
      <Filter>Header Files\TCPClient</Filter>
    </ClInclude>
    <ClInclude Include="TCPClient.h">
      <Filter>Header Files\TCPClient</Filter>
    </ClInclude>
    <ClInclude Include="IRequest.h">
      <Filter>Header Files\Request</Filter>
    </ClInclude>
    <ClInclude Include="IClient.h">
      <Filter>Header Files\TCPClient</Filter>
    </ClInclude>
    <ClInclude Include="RequestText.h">
      <Filter>Header Files\Request</Filter>
    </ClInclude>
    <ClInclude Include="RequestEncoder.h">
      <Filter>Header Files\Request</Filter>
    </ClInclude>
    <ClInclude Include="IRequestHandler.h">
      <Filter>Header Files\Request</Filter>
    </ClInclude>
    <ClInclude Include="RequestTextHandler.h">
      <Filter>Header Files\Request</Filter>
    </ClInclude>
    <ClInclude Include="IServer.h">
      <Filter>Header Files\TCPServer</Filter>
    </ClInclude>
    <ClInclude Include="TCPServer.h">
      <Filter>Header Files\TCPServer</Filter>
    </ClInclude>
    <ClInclude Include="Acceptor.h">
      <Filter>Header Files\TCPServer</Filter>
    </ClInclude>
    <ClInclude Include="ServiceRequestText.h">
      <Filter>Header Files\TCPServer</Filter>
    </ClInclude>
    <ClInclude Include="IService.h">
      <Filter>Header Files\TCPServer</Filter>
    </ClInclude>
    <ClInclude Include="ServiceDispatcher.h">
      <Filter>Header Files\TCPServer</Filter>
    </ClInclude>
  </ItemGroup>
  <ItemGroup>
    <ClCompile Include="pch.cpp">
      <Filter>Source Files</Filter>
    </ClCompile>
    <ClCompile Include="TCPClient.cpp">
      <Filter>Source Files\TCPClient</Filter>
    </ClCompile>
    <ClCompile Include="RequestText.cpp">
      <Filter>Source Files\Request</Filter>
    </ClCompile>
    <ClCompile Include="RequestEncoder.cpp">
      <Filter>Source Files\Request</Filter>
    </ClCompile>
    <ClCompile Include="RequestTextHandler.cpp">
      <Filter>Source Files\Request</Filter>
    </ClCompile>
    <ClCompile Include="TCPServer.cpp">
      <Filter>Source Files\TCPServer</Filter>
    </ClCompile>
    <ClCompile Include="Acceptor.cpp">
      <Filter>Source Files\TCPServer</Filter>
    </ClCompile>
    <ClCompile Include="ServiceRequestText.cpp">
      <Filter>Source Files\TCPServer</Filter>
    </ClCompile>
    <ClCompile Include="ServiceDispatcher.cpp">
      <Filter>Source Files\TCPServer</Filter>
    </ClCompile>
  </ItemGroup>
</Project>